
Microsoft Visual Studio Solution File, Format Version 12.00
# Visual Studio Version 17
VisualStudioVersion = 17.14.36301.6
MinimumVisualStudioVersion = 10.0.40219.1
Project("{FAE04EC0-301F-11D3-BF4B-00C04F79EFBC}") = "Better Work Tab", "Better Work Tab.csproj", "{89678DFA-4038-4596-95B3-B21EA97C7BAD}"
EndProject
Global
	GlobalSection(SolutionConfigurationPlatforms) = preSolution
		1.6|Any CPU = 1.6|Any CPU
		Debug|Any CPU = Debug|Any CPU
		Release|Any CPU = Release|Any CPU
	EndGlobalSection
	GlobalSection(ProjectConfigurationPlatforms) = postSolution
		{89678DFA-4038-4596-95B3-B21EA97C7BAD}.1.6|Any CPU.ActiveCfg = 1.6|Any CPU
		{89678DFA-4038-4596-95B3-B21EA97C7BAD}.1.6|Any CPU.Build.0 = 1.6|Any CPU
		{89678DFA-4038-4596-95B3-B21EA97C7BAD}.Debug|Any CPU.ActiveCfg = Debug|Any CPU
		{89678DFA-4038-4596-95B3-B21EA97C7BAD}.Debug|Any CPU.Build.0 = Debug|Any CPU
		{89678DFA-4038-4596-95B3-B21EA97C7BAD}.Release|Any CPU.ActiveCfg = Release|Any CPU
		{89678DFA-4038-4596-95B3-B21EA97C7BAD}.Release|Any CPU.Build.0 = Release|Any CPU
	EndGlobalSection
	GlobalSection(SolutionProperties) = preSolution
		HideSolutionNode = FALSE
	EndGlobalSection
	GlobalSection(ExtensibilityGlobals) = postSolution
		SolutionGuid = {98CDD0DB-C018-41C0-8EBD-C115F197A083}
	EndGlobalSection
EndGlobal
